// !$*UTF8*$!
{
	archiveVersion = 1;
	classes = {
	};
	objectVersion = 45;
	objects = {

/* Begin PBXBuildFile section */
		1D3623260D0F684500981E51 /* FormicAppDelegate.m in Sources */ = {isa = PBXBuildFile; fileRef = 1D3623250D0F684500981E51 /* FormicAppDelegate.m */; };
		1D60589B0D05DD56006BFB54 /* main.m in Sources */ = {isa = PBXBuildFile; fileRef = 29B97316FDCFA39411CA2CEA /* main.m */; };
		1D60589F0D05DD5A006BFB54 /* Foundation.framework in Frameworks */ = {isa = PBXBuildFile; fileRef = 1D30AB110D05D00D00671497 /* Foundation.framework */; };
		1DF5F4E00D08C38300B7A737 /* UIKit.framework in Frameworks */ = {isa = PBXBuildFile; fileRef = 1DF5F4DF0D08C38300B7A737 /* UIKit.framework */; };
		288765A50DF7441C002DB57D /* CoreGraphics.framework in Frameworks */ = {isa = PBXBuildFile; fileRef = 288765A40DF7441C002DB57D /* CoreGraphics.framework */; };
		2899E5220DE3E06400AC0155 /* FormicViewController.xib in Resources */ = {isa = PBXBuildFile; fileRef = 2899E5210DE3E06400AC0155 /* FormicViewController.xib */; };
		28AD733F0D9D9553002E5188 /* MainWindow.xib in Resources */ = {isa = PBXBuildFile; fileRef = 28AD733E0D9D9553002E5188 /* MainWindow.xib */; };
		28D7ACF80DDB3853001CB0EB /* FormicViewController.m in Sources */ = {isa = PBXBuildFile; fileRef = 28D7ACF70DDB3853001CB0EB /* FormicViewController.m */; };
		CD34D8CD123CFF5900BDA126 /* FormicGame.m in Sources */ = {isa = PBXBuildFile; fileRef = CD34D8CA123CFF5900BDA126 /* FormicGame.m */; };
		CD34D8CE123CFF5900BDA126 /* FormicView.m in Sources */ = {isa = PBXBuildFile; fileRef = CD34D8CC123CFF5900BDA126 /* FormicView.m */; };
		CDEF374B123D430100428643 /* FormicTimerView.m in Sources */ = {isa = PBXBuildFile; fileRef = CDEF374A123D430100428643 /* FormicTimerView.m */; };
		CDEF3791123D450900428643 /* game-over.png in Resources */ = {isa = PBXBuildFile; fileRef = CDEF376D123D450900428643 /* game-over.png */; };
		CDEF3792123D450900428643 /* Icon.png in Resources */ = {isa = PBXBuildFile; fileRef = CDEF376E123D450900428643 /* Icon.png */; };
		CDEF3793123D450900428643 /* piece-0-0-0.png in Resources */ = {isa = PBXBuildFile; fileRef = CDEF376F123D450900428643 /* piece-0-0-0.png */; };
		CDEF3794123D450900428643 /* piece-0-0-1.png in Resources */ = {isa = PBXBuildFile; fileRef = CDEF3770123D450900428643 /* piece-0-0-1.png */; };
		CDEF3795123D450900428643 /* piece-0-1-0.png in Resources */ = {isa = PBXBuildFile; fileRef = CDEF3771123D450900428643 /* piece-0-1-0.png */; };
		CDEF3796123D450900428643 /* piece-0-1-1.png in Resources */ = {isa = PBXBuildFile; fileRef = CDEF3772123D450900428643 /* piece-0-1-1.png */; };
		CDEF3797123D450900428643 /* piece-0-2-0.png in Resources */ = {isa = PBXBuildFile; fileRef = CDEF3773123D450900428643 /* piece-0-2-0.png */; };
		CDEF3798123D450900428643 /* piece-0-2-1.png in Resources */ = {isa = PBXBuildFile; fileRef = CDEF3774123D450900428643 /* piece-0-2-1.png */; };
		CDEF3799123D450900428643 /* piece-1-0-0.png in Resources */ = {isa = PBXBuildFile; fileRef = CDEF3775123D450900428643 /* piece-1-0-0.png */; };
		CDEF379A123D450900428643 /* piece-1-0-1.png in Resources */ = {isa = PBXBuildFile; fileRef = CDEF3776123D450900428643 /* piece-1-0-1.png */; };
		CDEF379B123D450900428643 /* piece-1-1-0.png in Resources */ = {isa = PBXBuildFile; fileRef = CDEF3777123D450900428643 /* piece-1-1-0.png */; };
		CDEF379C123D450900428643 /* piece-1-1-1.png in Resources */ = {isa = PBXBuildFile; fileRef = CDEF3778123D450900428643 /* piece-1-1-1.png */; };
		CDEF379D123D450900428643 /* piece-1-2-0.png in Resources */ = {isa = PBXBuildFile; fileRef = CDEF3779123D450900428643 /* piece-1-2-0.png */; };
		CDEF379E123D450900428643 /* piece-1-2-1.png in Resources */ = {isa = PBXBuildFile; fileRef = CDEF377A123D450900428643 /* piece-1-2-1.png */; };
		CDEF379F123D450900428643 /* piece-2-0-0.png in Resources */ = {isa = PBXBuildFile; fileRef = CDEF377B123D450900428643 /* piece-2-0-0.png */; };
		CDEF37A0123D450900428643 /* piece-2-0-1.png in Resources */ = {isa = PBXBuildFile; fileRef = CDEF377C123D450900428643 /* piece-2-0-1.png */; };
		CDEF37A1123D450900428643 /* piece-2-1-0.png in Resources */ = {isa = PBXBuildFile; fileRef = CDEF377D123D450900428643 /* piece-2-1-0.png */; };
		CDEF37A2123D450900428643 /* piece-2-1-1.png in Resources */ = {isa = PBXBuildFile; fileRef = CDEF377E123D450900428643 /* piece-2-1-1.png */; };
		CDEF37A3123D450900428643 /* piece-2-2-0.png in Resources */ = {isa = PBXBuildFile; fileRef = CDEF377F123D450900428643 /* piece-2-2-0.png */; };
		CDEF37A4123D450900428643 /* piece-2-2-1.png in Resources */ = {isa = PBXBuildFile; fileRef = CDEF3780123D450900428643 /* piece-2-2-1.png */; };
		CDEF37A5123D450900428643 /* progress-1.png in Resources */ = {isa = PBXBuildFile; fileRef = CDEF3781123D450900428643 /* progress-1.png */; };
		CDEF37A6123D450900428643 /* progress-10.png in Resources */ = {isa = PBXBuildFile; fileRef = CDEF3782123D450900428643 /* progress-10.png */; };
		CDEF37A7123D450900428643 /* progress-11.png in Resources */ = {isa = PBXBuildFile; fileRef = CDEF3783123D450900428643 /* progress-11.png */; };
		CDEF37A8123D450900428643 /* progress-12.png in Resources */ = {isa = PBXBuildFile; fileRef = CDEF3784123D450900428643 /* progress-12.png */; };
		CDEF37A9123D450900428643 /* progress-13.png in Resources */ = {isa = PBXBuildFile; fileRef = CDEF3785123D450900428643 /* progress-13.png */; };
		CDEF37AA123D450900428643 /* progress-14.png in Resources */ = {isa = PBXBuildFile; fileRef = CDEF3786123D450900428643 /* progress-14.png */; };
		CDEF37AB123D450900428643 /* progress-15.png in Resources */ = {isa = PBXBuildFile; fileRef = CDEF3787123D450900428643 /* progress-15.png */; };
		CDEF37AC123D450900428643 /* progress-2.png in Resources */ = {isa = PBXBuildFile; fileRef = CDEF3788123D450900428643 /* progress-2.png */; };
		CDEF37AD123D450900428643 /* progress-3.png in Resources */ = {isa = PBXBuildFile; fileRef = CDEF3789123D450900428643 /* progress-3.png */; };
		CDEF37AE123D450900428643 /* progress-4.png in Resources */ = {isa = PBXBuildFile; fileRef = CDEF378A123D450900428643 /* progress-4.png */; };
		CDEF37AF123D450900428643 /* progress-5.png in Resources */ = {isa = PBXBuildFile; fileRef = CDEF378B123D450900428643 /* progress-5.png */; };
		CDEF37B0123D450900428643 /* progress-6.png in Resources */ = {isa = PBXBuildFile; fileRef = CDEF378C123D450900428643 /* progress-6.png */; };
		CDEF37B1123D450900428643 /* progress-7.png in Resources */ = {isa = PBXBuildFile; fileRef = CDEF378D123D450900428643 /* progress-7.png */; };
		CDEF37B2123D450900428643 /* progress-8.png in Resources */ = {isa = PBXBuildFile; fileRef = CDEF378E123D450900428643 /* progress-8.png */; };
		CDEF37B3123D450900428643 /* progress-9.png in Resources */ = {isa = PBXBuildFile; fileRef = CDEF378F123D450900428643 /* progress-9.png */; };
		CDEF37B4123D450900428643 /* tap-to-start.png in Resources */ = {isa = PBXBuildFile; fileRef = CDEF3790123D450900428643 /* tap-to-start.png */; };
/* End PBXBuildFile section */

/* Begin PBXFileReference section */
		1D30AB110D05D00D00671497 /* Foundation.framework */ = {isa = PBXFileReference; lastKnownFileType = wrapper.framework; name = Foundation.framework; path = System/Library/Frameworks/Foundation.framework; sourceTree = SDKROOT; };
		1D3623240D0F684500981E51 /* FormicAppDelegate.h */ = {isa = PBXFileReference; fileEncoding = 4; lastKnownFileType = sourcecode.c.h; path = FormicAppDelegate.h; sourceTree = "<group>"; };
		1D3623250D0F684500981E51 /* FormicAppDelegate.m */ = {isa = PBXFileReference; fileEncoding = 4; lastKnownFileType = sourcecode.c.objc; path = FormicAppDelegate.m; sourceTree = "<group>"; };
		1D6058910D05DD3D006BFB54 /* Formic.app */ = {isa = PBXFileReference; explicitFileType = wrapper.application; includeInIndex = 0; path = Formic.app; sourceTree = BUILT_PRODUCTS_DIR; };
		1DF5F4DF0D08C38300B7A737 /* UIKit.framework */ = {isa = PBXFileReference; lastKnownFileType = wrapper.framework; name = UIKit.framework; path = System/Library/Frameworks/UIKit.framework; sourceTree = SDKROOT; };
		288765A40DF7441C002DB57D /* CoreGraphics.framework */ = {isa = PBXFileReference; lastKnownFileType = wrapper.framework; name = CoreGraphics.framework; path = System/Library/Frameworks/CoreGraphics.framework; sourceTree = SDKROOT; };
		2899E5210DE3E06400AC0155 /* FormicViewController.xib */ = {isa = PBXFileReference; lastKnownFileType = file.xib; path = FormicViewController.xib; sourceTree = "<group>"; };
		28AD733E0D9D9553002E5188 /* MainWindow.xib */ = {isa = PBXFileReference; lastKnownFileType = file.xib; path = MainWindow.xib; sourceTree = "<group>"; };
		28D7ACF60DDB3853001CB0EB /* FormicViewController.h */ = {isa = PBXFileReference; fileEncoding = 4; lastKnownFileType = sourcecode.c.h; path = FormicViewController.h; sourceTree = "<group>"; };
		28D7ACF70DDB3853001CB0EB /* FormicViewController.m */ = {isa = PBXFileReference; fileEncoding = 4; lastKnownFileType = sourcecode.c.objc; path = FormicViewController.m; sourceTree = "<group>"; };
		29B97316FDCFA39411CA2CEA /* main.m */ = {isa = PBXFileReference; fileEncoding = 4; lastKnownFileType = sourcecode.c.objc; path = main.m; sourceTree = "<group>"; };
		32CA4F630368D1EE00C91783 /* Formic_Prefix.pch */ = {isa = PBXFileReference; fileEncoding = 4; lastKnownFileType = sourcecode.c.h; path = Formic_Prefix.pch; sourceTree = "<group>"; };
		8D1107310486CEB800E47090 /* Formic-Info.plist */ = {isa = PBXFileReference; fileEncoding = 4; lastKnownFileType = text.plist.xml; path = "Formic-Info.plist"; plistStructureDefinitionIdentifier = "com.apple.xcode.plist.structure-definition.iphone.info-plist"; sourceTree = "<group>"; };
		CD34D8C9123CFF5900BDA126 /* FormicGame.h */ = {isa = PBXFileReference; fileEncoding = 4; lastKnownFileType = sourcecode.c.h; path = FormicGame.h; sourceTree = "<group>"; };
		CD34D8CA123CFF5900BDA126 /* FormicGame.m */ = {isa = PBXFileReference; fileEncoding = 4; lastKnownFileType = sourcecode.c.objc; path = FormicGame.m; sourceTree = "<group>"; };
		CD34D8CB123CFF5900BDA126 /* FormicView.h */ = {isa = PBXFileReference; fileEncoding = 4; lastKnownFileType = sourcecode.c.h; path = FormicView.h; sourceTree = "<group>"; };
		CD34D8CC123CFF5900BDA126 /* FormicView.m */ = {isa = PBXFileReference; fileEncoding = 4; lastKnownFileType = sourcecode.c.objc; path = FormicView.m; sourceTree = "<group>"; };
		CDEF3749123D430100428643 /* FormicTimerView.h */ = {isa = PBXFileReference; fileEncoding = 4; lastKnownFileType = sourcecode.c.h; path = FormicTimerView.h; sourceTree = "<group>"; };
		CDEF374A123D430100428643 /* FormicTimerView.m */ = {isa = PBXFileReference; fileEncoding = 4; lastKnownFileType = sourcecode.c.objc; path = FormicTimerView.m; sourceTree = "<group>"; };
		CDEF376D123D450900428643 /* game-over.png */ = {isa = PBXFileReference; lastKnownFileType = image.png; path = "game-over.png"; sourceTree = "<group>"; };
		CDEF376E123D450900428643 /* Icon.png */ = {isa = PBXFileReference; lastKnownFileType = image.png; path = Icon.png; sourceTree = "<group>"; };
		CDEF376F123D450900428643 /* piece-0-0-0.png */ = {isa = PBXFileReference; lastKnownFileType = image.png; path = "piece-0-0-0.png"; sourceTree = "<group>"; };
		CDEF3770123D450900428643 /* piece-0-0-1.png */ = {isa = PBXFileReference; lastKnownFileType = image.png; path = "piece-0-0-1.png"; sourceTree = "<group>"; };
		CDEF3771123D450900428643 /* piece-0-1-0.png */ = {isa = PBXFileReference; lastKnownFileType = image.png; path = "piece-0-1-0.png"; sourceTree = "<group>"; };
		CDEF3772123D450900428643 /* piece-0-1-1.png */ = {isa = PBXFileReference; lastKnownFileType = image.png; path = "piece-0-1-1.png"; sourceTree = "<group>"; };
		CDEF3773123D450900428643 /* piece-0-2-0.png */ = {isa = PBXFileReference; lastKnownFileType = image.png; path = "piece-0-2-0.png"; sourceTree = "<group>"; };
		CDEF3774123D450900428643 /* piece-0-2-1.png */ = {isa = PBXFileReference; lastKnownFileType = image.png; path = "piece-0-2-1.png"; sourceTree = "<group>"; };
		CDEF3775123D450900428643 /* piece-1-0-0.png */ = {isa = PBXFileReference; lastKnownFileType = image.png; path = "piece-1-0-0.png"; sourceTree = "<group>"; };
		CDEF3776123D450900428643 /* piece-1-0-1.png */ = {isa = PBXFileReference; lastKnownFileType = image.png; path = "piece-1-0-1.png"; sourceTree = "<group>"; };
		CDEF3777123D450900428643 /* piece-1-1-0.png */ = {isa = PBXFileReference; lastKnownFileType = image.png; path = "piece-1-1-0.png"; sourceTree = "<group>"; };
		CDEF3778123D450900428643 /* piece-1-1-1.png */ = {isa = PBXFileReference; lastKnownFileType = image.png; path = "piece-1-1-1.png"; sourceTree = "<group>"; };
		CDEF3779123D450900428643 /* piece-1-2-0.png */ = {isa = PBXFileReference; lastKnownFileType = image.png; path = "piece-1-2-0.png"; sourceTree = "<group>"; };
		CDEF377A123D450900428643 /* piece-1-2-1.png */ = {isa = PBXFileReference; lastKnownFileType = image.png; path = "piece-1-2-1.png"; sourceTree = "<group>"; };
		CDEF377B123D450900428643 /* piece-2-0-0.png */ = {isa = PBXFileReference; lastKnownFileType = image.png; path = "piece-2-0-0.png"; sourceTree = "<group>"; };
		CDEF377C123D450900428643 /* piece-2-0-1.png */ = {isa = PBXFileReference; lastKnownFileType = image.png; path = "piece-2-0-1.png"; sourceTree = "<group>"; };
		CDEF377D123D450900428643 /* piece-2-1-0.png */ = {isa = PBXFileReference; lastKnownFileType = image.png; path = "piece-2-1-0.png"; sourceTree = "<group>"; };
		CDEF377E123D450900428643 /* piece-2-1-1.png */ = {isa = PBXFileReference; lastKnownFileType = image.png; path = "piece-2-1-1.png"; sourceTree = "<group>"; };
		CDEF377F123D450900428643 /* piece-2-2-0.png */ = {isa = PBXFileReference; lastKnownFileType = image.png; path = "piece-2-2-0.png"; sourceTree = "<group>"; };
		CDEF3780123D450900428643 /* piece-2-2-1.png */ = {isa = PBXFileReference; lastKnownFileType = image.png; path = "piece-2-2-1.png"; sourceTree = "<group>"; };
		CDEF3781123D450900428643 /* progress-1.png */ = {isa = PBXFileReference; lastKnownFileType = image.png; path = "progress-1.png"; sourceTree = "<group>"; };
		CDEF3782123D450900428643 /* progress-10.png */ = {isa = PBXFileReference; lastKnownFileType = image.png; path = "progress-10.png"; sourceTree = "<group>"; };
		CDEF3783123D450900428643 /* progress-11.png */ = {isa = PBXFileReference; lastKnownFileType = image.png; path = "progress-11.png"; sourceTree = "<group>"; };
		CDEF3784123D450900428643 /* progress-12.png */ = {isa = PBXFileReference; lastKnownFileType = image.png; path = "progress-12.png"; sourceTree = "<group>"; };
		CDEF3785123D450900428643 /* progress-13.png */ = {isa = PBXFileReference; lastKnownFileType = image.png; path = "progress-13.png"; sourceTree = "<group>"; };
		CDEF3786123D450900428643 /* progress-14.png */ = {isa = PBXFileReference; lastKnownFileType = image.png; path = "progress-14.png"; sourceTree = "<group>"; };
		CDEF3787123D450900428643 /* progress-15.png */ = {isa = PBXFileReference; lastKnownFileType = image.png; path = "progress-15.png"; sourceTree = "<group>"; };
		CDEF3788123D450900428643 /* progress-2.png */ = {isa = PBXFileReference; lastKnownFileType = image.png; path = "progress-2.png"; sourceTree = "<group>"; };
		CDEF3789123D450900428643 /* progress-3.png */ = {isa = PBXFileReference; lastKnownFileType = image.png; path = "progress-3.png"; sourceTree = "<group>"; };
		CDEF378A123D450900428643 /* progress-4.png */ = {isa = PBXFileReference; lastKnownFileType = image.png; path = "progress-4.png"; sourceTree = "<group>"; };
		CDEF378B123D450900428643 /* progress-5.png */ = {isa = PBXFileReference; lastKnownFileType = image.png; path = "progress-5.png"; sourceTree = "<group>"; };
		CDEF378C123D450900428643 /* progress-6.png */ = {isa = PBXFileReference; lastKnownFileType = image.png; path = "progress-6.png"; sourceTree = "<group>"; };
		CDEF378D123D450900428643 /* progress-7.png */ = {isa = PBXFileReference; lastKnownFileType = image.png; path = "progress-7.png"; sourceTree = "<group>"; };
		CDEF378E123D450900428643 /* progress-8.png */ = {isa = PBXFileReference; lastKnownFileType = image.png; path = "progress-8.png"; sourceTree = "<group>"; };
		CDEF378F123D450900428643 /* progress-9.png */ = {isa = PBXFileReference; lastKnownFileType = image.png; path = "progress-9.png"; sourceTree = "<group>"; };
		CDEF3790123D450900428643 /* tap-to-start.png */ = {isa = PBXFileReference; lastKnownFileType = image.png; path = "tap-to-start.png"; sourceTree = "<group>"; };
/* End PBXFileReference section */

/* Begin PBXFrameworksBuildPhase section */
		1D60588F0D05DD3D006BFB54 /* Frameworks */ = {
			isa = PBXFrameworksBuildPhase;
			buildActionMask = 2147483647;
			files = (
				1D60589F0D05DD5A006BFB54 /* Foundation.framework in Frameworks */,
				1DF5F4E00D08C38300B7A737 /* UIKit.framework in Frameworks */,
				288765A50DF7441C002DB57D /* CoreGraphics.framework in Frameworks */,
			);
			runOnlyForDeploymentPostprocessing = 0;
		};
/* End PBXFrameworksBuildPhase section */

/* Begin PBXGroup section */
		080E96DDFE201D6D7F000001 /* Classes */ = {
			isa = PBXGroup;
			children = (
				CDEF3749123D430100428643 /* FormicTimerView.h */,
				CDEF374A123D430100428643 /* FormicTimerView.m */,
				CD34D8C9123CFF5900BDA126 /* FormicGame.h */,
				CD34D8CA123CFF5900BDA126 /* FormicGame.m */,
				CD34D8CB123CFF5900BDA126 /* FormicView.h */,
				CD34D8CC123CFF5900BDA126 /* FormicView.m */,
				1D3623240D0F684500981E51 /* FormicAppDelegate.h */,
				1D3623250D0F684500981E51 /* FormicAppDelegate.m */,
				28D7ACF60DDB3853001CB0EB /* FormicViewController.h */,
				28D7ACF70DDB3853001CB0EB /* FormicViewController.m */,
			);
			path = Classes;
			sourceTree = "<group>";
		};
		19C28FACFE9D520D11CA2CBB /* Products */ = {
			isa = PBXGroup;
			children = (
				1D6058910D05DD3D006BFB54 /* Formic.app */,
			);
			name = Products;
			sourceTree = "<group>";
		};
		29B97314FDCFA39411CA2CEA /* CustomTemplate */ = {
			isa = PBXGroup;
			children = (
				CDEF376C123D450900428643 /* Images */,
				080E96DDFE201D6D7F000001 /* Classes */,
				29B97315FDCFA39411CA2CEA /* Other Sources */,
				29B97317FDCFA39411CA2CEA /* Resources */,
				29B97323FDCFA39411CA2CEA /* Frameworks */,
				19C28FACFE9D520D11CA2CBB /* Products */,
			);
			name = CustomTemplate;
			sourceTree = "<group>";
		};
		29B97315FDCFA39411CA2CEA /* Other Sources */ = {
			isa = PBXGroup;
			children = (
				32CA4F630368D1EE00C91783 /* Formic_Prefix.pch */,
				29B97316FDCFA39411CA2CEA /* main.m */,
			);
			name = "Other Sources";
			sourceTree = "<group>";
		};
		29B97317FDCFA39411CA2CEA /* Resources */ = {
			isa = PBXGroup;
			children = (
				2899E5210DE3E06400AC0155 /* FormicViewController.xib */,
				28AD733E0D9D9553002E5188 /* MainWindow.xib */,
				8D1107310486CEB800E47090 /* Formic-Info.plist */,
			);
			name = Resources;
			sourceTree = "<group>";
		};
		29B97323FDCFA39411CA2CEA /* Frameworks */ = {
			isa = PBXGroup;
			children = (
				1DF5F4DF0D08C38300B7A737 /* UIKit.framework */,
				1D30AB110D05D00D00671497 /* Foundation.framework */,
				288765A40DF7441C002DB57D /* CoreGraphics.framework */,
			);
			name = Frameworks;
			sourceTree = "<group>";
		};
		CDEF376C123D450900428643 /* Images */ = {
			isa = PBXGroup;
			children = (
				CDEF376D123D450900428643 /* game-over.png */,
				CDEF376E123D450900428643 /* Icon.png */,
				CDEF376F123D450900428643 /* piece-0-0-0.png */,
				CDEF3770123D450900428643 /* piece-0-0-1.png */,
				CDEF3771123D450900428643 /* piece-0-1-0.png */,
				CDEF3772123D450900428643 /* piece-0-1-1.png */,
				CDEF3773123D450900428643 /* piece-0-2-0.png */,
				CDEF3774123D450900428643 /* piece-0-2-1.png */,
				CDEF3775123D450900428643 /* piece-1-0-0.png */,
				CDEF3776123D450900428643 /* piece-1-0-1.png */,
				CDEF3777123D450900428643 /* piece-1-1-0.png */,
				CDEF3778123D450900428643 /* piece-1-1-1.png */,
				CDEF3779123D450900428643 /* piece-1-2-0.png */,
				CDEF377A123D450900428643 /* piece-1-2-1.png */,
				CDEF377B123D450900428643 /* piece-2-0-0.png */,
				CDEF377C123D450900428643 /* piece-2-0-1.png */,
				CDEF377D123D450900428643 /* piece-2-1-0.png */,
				CDEF377E123D450900428643 /* piece-2-1-1.png */,
				CDEF377F123D450900428643 /* piece-2-2-0.png */,
				CDEF3780123D450900428643 /* piece-2-2-1.png */,
				CDEF3781123D450900428643 /* progress-1.png */,
				CDEF3782123D450900428643 /* progress-10.png */,
				CDEF3783123D450900428643 /* progress-11.png */,
				CDEF3784123D450900428643 /* progress-12.png */,
				CDEF3785123D450900428643 /* progress-13.png */,
				CDEF3786123D450900428643 /* progress-14.png */,
				CDEF3787123D450900428643 /* progress-15.png */,
				CDEF3788123D450900428643 /* progress-2.png */,
				CDEF3789123D450900428643 /* progress-3.png */,
				CDEF378A123D450900428643 /* progress-4.png */,
				CDEF378B123D450900428643 /* progress-5.png */,
				CDEF378C123D450900428643 /* progress-6.png */,
				CDEF378D123D450900428643 /* progress-7.png */,
				CDEF378E123D450900428643 /* progress-8.png */,
				CDEF378F123D450900428643 /* progress-9.png */,
				CDEF3790123D450900428643 /* tap-to-start.png */,
			);
			path = Images;
			sourceTree = "<group>";
		};
/* End PBXGroup section */

/* Begin PBXNativeTarget section */
		1D6058900D05DD3D006BFB54 /* Formic */ = {
			isa = PBXNativeTarget;
			buildConfigurationList = 1D6058960D05DD3E006BFB54 /* Build configuration list for PBXNativeTarget "Formic" */;
			buildPhases = (
				1D60588D0D05DD3D006BFB54 /* Resources */,
				1D60588E0D05DD3D006BFB54 /* Sources */,
				1D60588F0D05DD3D006BFB54 /* Frameworks */,
			);
			buildRules = (
			);
			dependencies = (
			);
			name = Formic;
			productName = Formic;
			productReference = 1D6058910D05DD3D006BFB54 /* Formic.app */;
			productType = "com.apple.product-type.application";
		};
/* End PBXNativeTarget section */

/* Begin PBXProject section */
		29B97313FDCFA39411CA2CEA /* Project object */ = {
			isa = PBXProject;
			buildConfigurationList = C01FCF4E08A954540054247B /* Build configuration list for PBXProject "Formic" */;
			compatibilityVersion = "Xcode 3.1";
			hasScannedForEncodings = 1;
			mainGroup = 29B97314FDCFA39411CA2CEA /* CustomTemplate */;
			projectDirPath = "";
			projectRoot = "";
			targets = (
				1D6058900D05DD3D006BFB54 /* Formic */,
			);
		};
/* End PBXProject section */

/* Begin PBXResourcesBuildPhase section */
		1D60588D0D05DD3D006BFB54 /* Resources */ = {
			isa = PBXResourcesBuildPhase;
			buildActionMask = 2147483647;
			files = (
				28AD733F0D9D9553002E5188 /* MainWindow.xib in Resources */,
				2899E5220DE3E06400AC0155 /* FormicViewController.xib in Resources */,
				CDEF3791123D450900428643 /* game-over.png in Resources */,
				CDEF3792123D450900428643 /* Icon.png in Resources */,
				CDEF3793123D450900428643 /* piece-0-0-0.png in Resources */,
				CDEF3794123D450900428643 /* piece-0-0-1.png in Resources */,
				CDEF3795123D450900428643 /* piece-0-1-0.png in Resources */,
				CDEF3796123D450900428643 /* piece-0-1-1.png in Resources */,
				CDEF3797123D450900428643 /* piece-0-2-0.png in Resources */,
				CDEF3798123D450900428643 /* piece-0-2-1.png in Resources */,
				CDEF3799123D450900428643 /* piece-1-0-0.png in Resources */,
				CDEF379A123D450900428643 /* piece-1-0-1.png in Resources */,
				CDEF379B123D450900428643 /* piece-1-1-0.png in Resources */,
				CDEF379C123D450900428643 /* piece-1-1-1.png in Resources */,
				CDEF379D123D450900428643 /* piece-1-2-0.png in Resources */,
				CDEF379E123D450900428643 /* piece-1-2-1.png in Resources */,
				CDEF379F123D450900428643 /* piece-2-0-0.png in Resources */,
				CDEF37A0123D450900428643 /* piece-2-0-1.png in Resources */,
				CDEF37A1123D450900428643 /* piece-2-1-0.png in Resources */,
				CDEF37A2123D450900428643 /* piece-2-1-1.png in Resources */,
				CDEF37A3123D450900428643 /* piece-2-2-0.png in Resources */,
				CDEF37A4123D450900428643 /* piece-2-2-1.png in Resources */,
				CDEF37A5123D450900428643 /* progress-1.png in Resources */,
				CDEF37A6123D450900428643 /* progress-10.png in Resources */,
				CDEF37A7123D450900428643 /* progress-11.png in Resources */,
				CDEF37A8123D450900428643 /* progress-12.png in Resources */,
				CDEF37A9123D450900428643 /* progress-13.png in Resources */,
				CDEF37AA123D450900428643 /* progress-14.png in Resources */,
				CDEF37AB123D450900428643 /* progress-15.png in Resources */,
				CDEF37AC123D450900428643 /* progress-2.png in Resources */,
				CDEF37AD123D450900428643 /* progress-3.png in Resources */,
				CDEF37AE123D450900428643 /* progress-4.png in Resources */,
				CDEF37AF123D450900428643 /* progress-5.png in Resources */,
				CDEF37B0123D450900428643 /* progress-6.png in Resources */,
				CDEF37B1123D450900428643 /* progress-7.png in Resources */,
				CDEF37B2123D450900428643 /* progress-8.png in Resources */,
				CDEF37B3123D450900428643 /* progress-9.png in Resources */,
				CDEF37B4123D450900428643 /* tap-to-start.png in Resources */,
			);
			runOnlyForDeploymentPostprocessing = 0;
		};
/* End PBXResourcesBuildPhase section */

/* Begin PBXSourcesBuildPhase section */
		1D60588E0D05DD3D006BFB54 /* Sources */ = {
			isa = PBXSourcesBuildPhase;
			buildActionMask = 2147483647;
			files = (
				1D60589B0D05DD56006BFB54 /* main.m in Sources */,
				1D3623260D0F684500981E51 /* FormicAppDelegate.m in Sources */,
				28D7ACF80DDB3853001CB0EB /* FormicViewController.m in Sources */,
				CD34D8CD123CFF5900BDA126 /* FormicGame.m in Sources */,
				CD34D8CE123CFF5900BDA126 /* FormicView.m in Sources */,
				CDEF374B123D430100428643 /* FormicTimerView.m in Sources */,
			);
			runOnlyForDeploymentPostprocessing = 0;
		};
/* End PBXSourcesBuildPhase section */

/* Begin XCBuildConfiguration section */
		1D6058940D05DD3E006BFB54 /* Debug */ = {
			isa = XCBuildConfiguration;
			buildSettings = {
				ALWAYS_SEARCH_USER_PATHS = NO;
				COPY_PHASE_STRIP = NO;
				GCC_DYNAMIC_NO_PIC = NO;
				GCC_OPTIMIZATION_LEVEL = 0;
				GCC_PRECOMPILE_PREFIX_HEADER = YES;
				GCC_PREFIX_HEADER = Formic_Prefix.pch;
				INFOPLIST_FILE = "Formic-Info.plist";
				PRODUCT_NAME = Formic;
			};
			name = Debug;
		};
		1D6058950D05DD3E006BFB54 /* Release */ = {
			isa = XCBuildConfiguration;
			buildSettings = {
				ALWAYS_SEARCH_USER_PATHS = NO;
				COPY_PHASE_STRIP = YES;
				GCC_PRECOMPILE_PREFIX_HEADER = YES;
				GCC_PREFIX_HEADER = Formic_Prefix.pch;
				INFOPLIST_FILE = "Formic-Info.plist";
				PRODUCT_NAME = Formic;
				VALIDATE_PRODUCT = YES;
			};
			name = Release;
		};
		C01FCF4F08A954540054247B /* Debug */ = {
			isa = XCBuildConfiguration;
			buildSettings = {
				ARCHS = "$(ARCHS_STANDARD_32_BIT)";
				"CODE_SIGN_IDENTITY[sdk=iphoneos*]" = "iPhone Developer";
				GCC_C_LANGUAGE_STANDARD = c99;
				GCC_WARN_ABOUT_RETURN_TYPE = YES;
				GCC_WARN_UNUSED_VARIABLE = YES;
				PREBINDING = NO;
				SDKROOT = iphoneos4.0;
			};
			name = Debug;
		};
		C01FCF5008A954540054247B /* Release */ = {
			isa = XCBuildConfiguration;
			buildSettings = {
				ARCHS = "$(ARCHS_STANDARD_32_BIT)";
				"CODE_SIGN_IDENTITY[sdk=iphoneos*]" = "iPhone Developer";
				GCC_C_LANGUAGE_STANDARD = c99;
				GCC_WARN_ABOUT_RETURN_TYPE = YES;
				GCC_WARN_UNUSED_VARIABLE = YES;
				OTHER_CFLAGS = "-DNS_BLOCK_ASSERTIONS=1";
				PREBINDING = NO;
				SDKROOT = iphoneos4.0;
			};
			name = Release;
		};
/* End XCBuildConfiguration section */

/* Begin XCConfigurationList section */
		1D6058960D05DD3E006BFB54 /* Build configuration list for PBXNativeTarget "Formic" */ = {
			isa = XCConfigurationList;
			buildConfigurations = (
				1D6058940D05DD3E006BFB54 /* Debug */,
				1D6058950D05DD3E006BFB54 /* Release */,
			);
			defaultConfigurationIsVisible = 0;
			defaultConfigurationName = Release;
		};
		C01FCF4E08A954540054247B /* Build configuration list for PBXProject "Formic" */ = {
			isa = XCConfigurationList;
			buildConfigurations = (
				C01FCF4F08A954540054247B /* Debug */,
				C01FCF5008A954540054247B /* Release */,
			);
			defaultConfigurationIsVisible = 0;
			defaultConfigurationName = Release;
		};
/* End XCConfigurationList section */
	};
	rootObject = 29B97313FDCFA39411CA2CEA /* Project object */;
}
